// !$*UTF8*$!
{
	archiveVersion = 1;
	classes = {
	};
	objectVersion = 50;
	objects = {

/* Begin PBXBuildFile section */
		2332A9B4244B70DD00C5E068 /* NowPlayingStatusView.swift in Sources */ = {isa = PBXBuildFile; fileRef = 2332A9B3244B70DD00C5E068 /* NowPlayingStatusView.swift */; };
		2332A9B6244B718300C5E068 /* PodcastSearchView.swift in Sources */ = {isa = PBXBuildFile; fileRef = 2332A9B5244B718300C5E068 /* PodcastSearchView.swift */; };
		2332A9B8244B718C00C5E068 /* PodcastInboxView.swift in Sources */ = {isa = PBXBuildFile; fileRef = 2332A9B7244B718C00C5E068 /* PodcastInboxView.swift */; };
		2332A9BA244B719600C5E068 /* PodcastSubscriptionView.swift in Sources */ = {isa = PBXBuildFile; fileRef = 2332A9B9244B719600C5E068 /* PodcastSubscriptionView.swift */; };
		2332A9BD244B784600C5E068 /* PersistentPodcast.swift in Sources */ = {isa = PBXBuildFile; fileRef = 2332A9BC244B784600C5E068 /* PersistentPodcast.swift */; };
		2332A9BF244B7AF400C5E068 /* PersistentEpisode.swift in Sources */ = {isa = PBXBuildFile; fileRef = 2332A9BE244B7AF400C5E068 /* PersistentEpisode.swift */; };
		2332A9C1244B7DE700C5E068 /* config.swift in Sources */ = {isa = PBXBuildFile; fileRef = 2332A9C0244B7DE700C5E068 /* config.swift */; };
		234702312454FC9000BC8478 /* cjpodcast.xcdatamodeld in Sources */ = {isa = PBXBuildFile; fileRef = 2382F75E24427AA700966806 /* cjpodcast.xcdatamodeld */; };
		23763DD0245099290028D84F /* search_this_american_life_resp.json in Resources */ = {isa = PBXBuildFile; fileRef = 23763DCF245099290028D84F /* search_this_american_life_resp.json */; };
		23763DD324509A960028D84F /* episodes_this_american_life_resp.json in Resources */ = {isa = PBXBuildFile; fileRef = 23763DD224509A960028D84F /* episodes_this_american_life_resp.json */; };
		23763DD724509BE60028D84F /* search_episodes_lex_weinstein_resp.json in Resources */ = {isa = PBXBuildFile; fileRef = 23763DD624509BE60028D84F /* search_episodes_lex_weinstein_resp.json */; };
		2382F75B24427AA700966806 /* AppDelegate.swift in Sources */ = {isa = PBXBuildFile; fileRef = 2382F75A24427AA700966806 /* AppDelegate.swift */; };
		2382F75D24427AA700966806 /* SceneDelegate.swift in Sources */ = {isa = PBXBuildFile; fileRef = 2382F75C24427AA700966806 /* SceneDelegate.swift */; };
		2382F76224427AA700966806 /* ContentView.swift in Sources */ = {isa = PBXBuildFile; fileRef = 2382F76124427AA700966806 /* ContentView.swift */; };
		2382F76424427AAC00966806 /* Assets.xcassets in Resources */ = {isa = PBXBuildFile; fileRef = 2382F76324427AAC00966806 /* Assets.xcassets */; };
		2382F76724427AAC00966806 /* Preview Assets.xcassets in Resources */ = {isa = PBXBuildFile; fileRef = 2382F76624427AAC00966806 /* Preview Assets.xcassets */; };
		2382F76A24427AAC00966806 /* LaunchScreen.storyboard in Resources */ = {isa = PBXBuildFile; fileRef = 2382F76824427AAC00966806 /* LaunchScreen.storyboard */; };
		2382F772244281F200966806 /* PodcastState.swift in Sources */ = {isa = PBXBuildFile; fileRef = 2382F771244281F200966806 /* PodcastState.swift */; };
		2389AA8C24551E13004740D5 /* NetworkingHelpers.swift in Sources */ = {isa = PBXBuildFile; fileRef = 2389AA8B24551E13004740D5 /* NetworkingHelpers.swift */; };
		23951FF72454B6A70063A401 /* StringExtension.swift in Sources */ = {isa = PBXBuildFile; fileRef = 23951FF62454B6A70063A401 /* StringExtension.swift */; };
		23951FF92454C0F30063A401 /* PodcastResults.swift in Sources */ = {isa = PBXBuildFile; fileRef = 23951FF82454C0F30063A401 /* PodcastResults.swift */; };
		23951FFB2454E5200063A401 /* EpisodeResults.swift in Sources */ = {isa = PBXBuildFile; fileRef = 23951FFA2454E5200063A401 /* EpisodeResults.swift */; };
		23951FFD2454E5850063A401 /* Episode.swift in Sources */ = {isa = PBXBuildFile; fileRef = 23951FFC2454E5850063A401 /* Episode.swift */; };
		23B659B9245C86CB0000FC5E /* PersistenceManager.swift in Sources */ = {isa = PBXBuildFile; fileRef = 23B659B8245C86CB0000FC5E /* PersistenceManager.swift */; };
		23B659BD245D16880000FC5E /* SubscribeButton.swift in Sources */ = {isa = PBXBuildFile; fileRef = 23B659BC245D16880000FC5E /* SubscribeButton.swift */; };
		23B659BF245D26840000FC5E /* DateExtensions.swift in Sources */ = {isa = PBXBuildFile; fileRef = 23B659BE245D26840000FC5E /* DateExtensions.swift */; };
		23B659C2245DF8060000FC5E /* BottomSheetView.swift in Sources */ = {isa = PBXBuildFile; fileRef = 23B659C1245DF8050000FC5E /* BottomSheetView.swift */; };
		23BBC88A244B95C2000B50EC /* Podcast.swift in Sources */ = {isa = PBXBuildFile; fileRef = 23BBC889244B95C1000B50EC /* Podcast.swift */; };
		23BBC88E244BA35D000B50EC /* PodcastListItemView.swift in Sources */ = {isa = PBXBuildFile; fileRef = 23BBC88D244BA35D000B50EC /* PodcastListItemView.swift */; };
		23BBC890244BBE8A000B50EC /* PodcastEpisodesView.swift in Sources */ = {isa = PBXBuildFile; fileRef = 23BBC88F244BBE8A000B50EC /* PodcastEpisodesView.swift */; };
		23BBC892244BBEA6000B50EC /* PodcastEpisodeListItemView.swift in Sources */ = {isa = PBXBuildFile; fileRef = 23BBC891244BBEA6000B50EC /* PodcastEpisodeListItemView.swift */; };
		23EB0F35244B686700B03317 /* NowPlayingControlView.swift in Sources */ = {isa = PBXBuildFile; fileRef = 23EB0F34244B686700B03317 /* NowPlayingControlView.swift */; };
		23EC89D224572E78008C26B0 /* PodcastPlayer.swift in Sources */ = {isa = PBXBuildFile; fileRef = 23EC89D124572E78008C26B0 /* PodcastPlayer.swift */; };
		23EC89D4245733F3008C26B0 /* PlayButton.swift in Sources */ = {isa = PBXBuildFile; fileRef = 23EC89D3245733F3008C26B0 /* PlayButton.swift */; };
		23F0C43A245E03A800411E5B /* PodcastImageView.swift in Sources */ = {isa = PBXBuildFile; fileRef = 23F0C439245E03A800411E5B /* PodcastImageView.swift */; };
		23F0C43C245E159700411E5B /* ProgressStatusBar.swift in Sources */ = {isa = PBXBuildFile; fileRef = 23F0C43B245E159700411E5B /* ProgressStatusBar.swift */; };
		23F41431245E1D08005583EF /* GoBack30Button.swift in Sources */ = {isa = PBXBuildFile; fileRef = 23F41430245E1D08005583EF /* GoBack30Button.swift */; };
		23F41433245E1DCF005583EF /* GoForward30Button.swift in Sources */ = {isa = PBXBuildFile; fileRef = 23F41432245E1DCF005583EF /* GoForward30Button.swift */; };
/* End PBXBuildFile section */

/* Begin PBXFileReference section */
		2332A9B3244B70DD00C5E068 /* NowPlayingStatusView.swift */ = {isa = PBXFileReference; lastKnownFileType = sourcecode.swift; path = NowPlayingStatusView.swift; sourceTree = "<group>"; };
		2332A9B5244B718300C5E068 /* PodcastSearchView.swift */ = {isa = PBXFileReference; lastKnownFileType = sourcecode.swift; path = PodcastSearchView.swift; sourceTree = "<group>"; };
		2332A9B7244B718C00C5E068 /* PodcastInboxView.swift */ = {isa = PBXFileReference; lastKnownFileType = sourcecode.swift; path = PodcastInboxView.swift; sourceTree = "<group>"; };
		2332A9B9244B719600C5E068 /* PodcastSubscriptionView.swift */ = {isa = PBXFileReference; lastKnownFileType = sourcecode.swift; path = PodcastSubscriptionView.swift; sourceTree = "<group>"; };
		2332A9BC244B784600C5E068 /* PersistentPodcast.swift */ = {isa = PBXFileReference; lastKnownFileType = sourcecode.swift; path = PersistentPodcast.swift; sourceTree = "<group>"; };
		2332A9BE244B7AF400C5E068 /* PersistentEpisode.swift */ = {isa = PBXFileReference; lastKnownFileType = sourcecode.swift; path = PersistentEpisode.swift; sourceTree = "<group>"; };
		2332A9C0244B7DE700C5E068 /* config.swift */ = {isa = PBXFileReference; lastKnownFileType = sourcecode.swift; path = config.swift; sourceTree = "<group>"; };
		23763DCF245099290028D84F /* search_this_american_life_resp.json */ = {isa = PBXFileReference; lastKnownFileType = text.json; path = search_this_american_life_resp.json; sourceTree = "<group>"; };
		23763DD224509A960028D84F /* episodes_this_american_life_resp.json */ = {isa = PBXFileReference; lastKnownFileType = text.json; path = episodes_this_american_life_resp.json; sourceTree = "<group>"; };
		23763DD624509BE60028D84F /* search_episodes_lex_weinstein_resp.json */ = {isa = PBXFileReference; lastKnownFileType = text.json; path = search_episodes_lex_weinstein_resp.json; sourceTree = "<group>"; };
		2382F75724427AA700966806 /* cjpodcast.app */ = {isa = PBXFileReference; explicitFileType = wrapper.application; includeInIndex = 0; path = cjpodcast.app; sourceTree = BUILT_PRODUCTS_DIR; };
		2382F75A24427AA700966806 /* AppDelegate.swift */ = {isa = PBXFileReference; lastKnownFileType = sourcecode.swift; path = AppDelegate.swift; sourceTree = "<group>"; };
		2382F75C24427AA700966806 /* SceneDelegate.swift */ = {isa = PBXFileReference; lastKnownFileType = sourcecode.swift; path = SceneDelegate.swift; sourceTree = "<group>"; };
		2382F75F24427AA700966806 /* cjpodcast.xcdatamodel */ = {isa = PBXFileReference; lastKnownFileType = wrapper.xcdatamodel; path = cjpodcast.xcdatamodel; sourceTree = "<group>"; };
		2382F76124427AA700966806 /* ContentView.swift */ = {isa = PBXFileReference; lastKnownFileType = sourcecode.swift; path = ContentView.swift; sourceTree = "<group>"; };
		2382F76324427AAC00966806 /* Assets.xcassets */ = {isa = PBXFileReference; lastKnownFileType = folder.assetcatalog; path = Assets.xcassets; sourceTree = "<group>"; };
		2382F76624427AAC00966806 /* Preview Assets.xcassets */ = {isa = PBXFileReference; lastKnownFileType = folder.assetcatalog; path = "Preview Assets.xcassets"; sourceTree = "<group>"; };
		2382F76924427AAC00966806 /* Base */ = {isa = PBXFileReference; lastKnownFileType = file.storyboard; name = Base; path = Base.lproj/LaunchScreen.storyboard; sourceTree = "<group>"; };
		2382F76B24427AAC00966806 /* Info.plist */ = {isa = PBXFileReference; lastKnownFileType = text.plist.xml; path = Info.plist; sourceTree = "<group>"; };
		2382F771244281F200966806 /* PodcastState.swift */ = {isa = PBXFileReference; lastKnownFileType = sourcecode.swift; path = PodcastState.swift; sourceTree = "<group>"; };
		2389AA8B24551E13004740D5 /* NetworkingHelpers.swift */ = {isa = PBXFileReference; lastKnownFileType = sourcecode.swift; path = NetworkingHelpers.swift; sourceTree = "<group>"; };
		23951FF62454B6A70063A401 /* StringExtension.swift */ = {isa = PBXFileReference; lastKnownFileType = sourcecode.swift; path = StringExtension.swift; sourceTree = "<group>"; };
		23951FF82454C0F30063A401 /* PodcastResults.swift */ = {isa = PBXFileReference; lastKnownFileType = sourcecode.swift; path = PodcastResults.swift; sourceTree = "<group>"; };
		23951FFA2454E5200063A401 /* EpisodeResults.swift */ = {isa = PBXFileReference; lastKnownFileType = sourcecode.swift; path = EpisodeResults.swift; sourceTree = "<group>"; };
		23951FFC2454E5850063A401 /* Episode.swift */ = {isa = PBXFileReference; lastKnownFileType = sourcecode.swift; path = Episode.swift; sourceTree = "<group>"; };
		23B659B8245C86CB0000FC5E /* PersistenceManager.swift */ = {isa = PBXFileReference; lastKnownFileType = sourcecode.swift; path = PersistenceManager.swift; sourceTree = "<group>"; };
		23B659BC245D16880000FC5E /* SubscribeButton.swift */ = {isa = PBXFileReference; lastKnownFileType = sourcecode.swift; path = SubscribeButton.swift; sourceTree = "<group>"; };
		23B659BE245D26840000FC5E /* DateExtensions.swift */ = {isa = PBXFileReference; lastKnownFileType = sourcecode.swift; path = DateExtensions.swift; sourceTree = "<group>"; };
		23B659C1245DF8050000FC5E /* BottomSheetView.swift */ = {isa = PBXFileReference; lastKnownFileType = sourcecode.swift; path = BottomSheetView.swift; sourceTree = "<group>"; };
		23BBC889244B95C1000B50EC /* Podcast.swift */ = {isa = PBXFileReference; lastKnownFileType = sourcecode.swift; path = Podcast.swift; sourceTree = "<group>"; };
		23BBC88D244BA35D000B50EC /* PodcastListItemView.swift */ = {isa = PBXFileReference; lastKnownFileType = sourcecode.swift; path = PodcastListItemView.swift; sourceTree = "<group>"; };
		23BBC88F244BBE8A000B50EC /* PodcastEpisodesView.swift */ = {isa = PBXFileReference; lastKnownFileType = sourcecode.swift; path = PodcastEpisodesView.swift; sourceTree = "<group>"; };
		23BBC891244BBEA6000B50EC /* PodcastEpisodeListItemView.swift */ = {isa = PBXFileReference; lastKnownFileType = sourcecode.swift; path = PodcastEpisodeListItemView.swift; sourceTree = "<group>"; };
		23EB0F34244B686700B03317 /* NowPlayingControlView.swift */ = {isa = PBXFileReference; lastKnownFileType = sourcecode.swift; path = NowPlayingControlView.swift; sourceTree = "<group>"; };
		23EC89D124572E78008C26B0 /* PodcastPlayer.swift */ = {isa = PBXFileReference; lastKnownFileType = sourcecode.swift; path = PodcastPlayer.swift; sourceTree = "<group>"; };
		23EC89D3245733F3008C26B0 /* PlayButton.swift */ = {isa = PBXFileReference; lastKnownFileType = sourcecode.swift; path = PlayButton.swift; sourceTree = "<group>"; };
		23F0C439245E03A800411E5B /* PodcastImageView.swift */ = {isa = PBXFileReference; lastKnownFileType = sourcecode.swift; path = PodcastImageView.swift; sourceTree = "<group>"; };
		23F0C43B245E159700411E5B /* ProgressStatusBar.swift */ = {isa = PBXFileReference; lastKnownFileType = sourcecode.swift; path = ProgressStatusBar.swift; sourceTree = "<group>"; };
		23F41430245E1D08005583EF /* GoBack30Button.swift */ = {isa = PBXFileReference; lastKnownFileType = sourcecode.swift; path = GoBack30Button.swift; sourceTree = "<group>"; };
		23F41432245E1DCF005583EF /* GoForward30Button.swift */ = {isa = PBXFileReference; lastKnownFileType = sourcecode.swift; path = GoForward30Button.swift; sourceTree = "<group>"; };
/* End PBXFileReference section */

/* Begin PBXFrameworksBuildPhase section */
		2382F75424427AA700966806 /* Frameworks */ = {
			isa = PBXFrameworksBuildPhase;
			buildActionMask = 2147483647;
			files = (
			);
			runOnlyForDeploymentPostprocessing = 0;
		};
/* End PBXFrameworksBuildPhase section */

/* Begin PBXGroup section */
		2332A9BB244B71BF00C5E068 /* Views */ = {
			isa = PBXGroup;
			children = (
				2382F76124427AA700966806 /* ContentView.swift */,
				23F0C439245E03A800411E5B /* PodcastImageView.swift */,
				23EC89D3245733F3008C26B0 /* PlayButton.swift */,
				23B659C0245DF3610000FC5E /* NowPlaying */,
				23951FF22454B3A00063A401 /* Podcasts */,
				23951FF32454B3DE0063A401 /* Episodes */,
				23B659C3245DFB350000FC5E /* Containers */,
			);
			path = Views;
			sourceTree = "<group>";
		};
		23763DCD245098E60028D84F /* Internal */ = {
			isa = PBXGroup;
			children = (
				23763DCE245098F90028D84F /* Data */,
			);
			path = Internal;
			sourceTree = "<group>";
		};
		23763DCE245098F90028D84F /* Data */ = {
			isa = PBXGroup;
			children = (
				23763DCF245099290028D84F /* search_this_american_life_resp.json */,
				23763DD224509A960028D84F /* episodes_this_american_life_resp.json */,
				23763DD624509BE60028D84F /* search_episodes_lex_weinstein_resp.json */,
			);
			path = Data;
			sourceTree = "<group>";
		};
		23763DD1245099BA0028D84F /* Models */ = {
			isa = PBXGroup;
			children = (
				23BBC889244B95C1000B50EC /* Podcast.swift */,
				23951FF82454C0F30063A401 /* PodcastResults.swift */,
				23951FFA2454E5200063A401 /* EpisodeResults.swift */,
				23951FFC2454E5850063A401 /* Episode.swift */,
			);
			path = Models;
			sourceTree = "<group>";
		};
		2382F74E24427AA700966806 = {
			isa = PBXGroup;
			children = (
				2382F75924427AA700966806 /* cjpodcast */,
				2382F75824427AA700966806 /* Products */,
			);
			sourceTree = "<group>";
		};
		2382F75824427AA700966806 /* Products */ = {
			isa = PBXGroup;
			children = (
				2382F75724427AA700966806 /* cjpodcast.app */,
			);
			name = Products;
			sourceTree = "<group>";
		};
		2382F75924427AA700966806 /* cjpodcast */ = {
			isa = PBXGroup;
			children = (
				23951FF52454B6930063A401 /* Extensions */,
				23951FF42454B4930063A401 /* Persistence */,
				23763DD1245099BA0028D84F /* Models */,
				23763DCD245098E60028D84F /* Internal */,
				2332A9BB244B71BF00C5E068 /* Views */,
				2382F75A24427AA700966806 /* AppDelegate.swift */,
				2382F75C24427AA700966806 /* SceneDelegate.swift */,
				2382F771244281F200966806 /* PodcastState.swift */,
				23EC89D124572E78008C26B0 /* PodcastPlayer.swift */,
				2382F76324427AAC00966806 /* Assets.xcassets */,
				2382F76824427AAC00966806 /* LaunchScreen.storyboard */,
				2382F76B24427AAC00966806 /* Info.plist */,
				2382F75E24427AA700966806 /* cjpodcast.xcdatamodeld */,
				2382F76524427AAC00966806 /* Preview Content */,
				2332A9C0244B7DE700C5E068 /* config.swift */,
			);
			path = cjpodcast;
			sourceTree = "<group>";
		};
		2382F76524427AAC00966806 /* Preview Content */ = {
			isa = PBXGroup;
			children = (
				2382F76624427AAC00966806 /* Preview Assets.xcassets */,
			);
			path = "Preview Content";
			sourceTree = "<group>";
		};
		23951FF22454B3A00063A401 /* Podcasts */ = {
			isa = PBXGroup;
			children = (
				23B659BC245D16880000FC5E /* SubscribeButton.swift */,
				2332A9B9244B719600C5E068 /* PodcastSubscriptionView.swift */,
				23BBC88D244BA35D000B50EC /* PodcastListItemView.swift */,
				2332A9B5244B718300C5E068 /* PodcastSearchView.swift */,
			);
			path = Podcasts;
			sourceTree = "<group>";
		};
		23951FF32454B3DE0063A401 /* Episodes */ = {
			isa = PBXGroup;
			children = (
				23BBC88F244BBE8A000B50EC /* PodcastEpisodesView.swift */,
				23BBC891244BBEA6000B50EC /* PodcastEpisodeListItemView.swift */,
				2332A9B7244B718C00C5E068 /* PodcastInboxView.swift */,
			);
			path = Episodes;
			sourceTree = "<group>";
		};
		23951FF42454B4930063A401 /* Persistence */ = {
			isa = PBXGroup;
			children = (
				2332A9BC244B784600C5E068 /* PersistentPodcast.swift */,
				2332A9BE244B7AF400C5E068 /* PersistentEpisode.swift */,
				23B659B8245C86CB0000FC5E /* PersistenceManager.swift */,
			);
			path = Persistence;
			sourceTree = "<group>";
		};
		23951FF52454B6930063A401 /* Extensions */ = {
			isa = PBXGroup;
			children = (
				23951FF62454B6A70063A401 /* StringExtension.swift */,
				2389AA8B24551E13004740D5 /* NetworkingHelpers.swift */,
				23B659BE245D26840000FC5E /* DateExtensions.swift */,
			);
			path = Extensions;
			sourceTree = "<group>";
		};
		23B659C0245DF3610000FC5E /* NowPlaying */ = {
			isa = PBXGroup;
			children = (
				23F4142F245E1CE9005583EF /* Control */,
				2332A9B3244B70DD00C5E068 /* NowPlayingStatusView.swift */,
				23EB0F34244B686700B03317 /* NowPlayingControlView.swift */,
				23F0C43B245E159700411E5B /* ProgressStatusBar.swift */,
			);
			path = NowPlaying;
			sourceTree = "<group>";
		};
		23B659C3245DFB350000FC5E /* Containers */ = {
			isa = PBXGroup;
			children = (
				23B659C1245DF8050000FC5E /* BottomSheetView.swift */,
			);
			path = Containers;
			sourceTree = "<group>";
		};
		23F4142F245E1CE9005583EF /* Control */ = {
			isa = PBXGroup;
			children = (
				23F41430245E1D08005583EF /* GoBack30Button.swift */,
				23F41432245E1DCF005583EF /* GoForward30Button.swift */,
			);
			path = Control;
			sourceTree = "<group>";
		};
/* End PBXGroup section */

/* Begin PBXNativeTarget section */
		2382F75624427AA700966806 /* cjpodcast */ = {
			isa = PBXNativeTarget;
			buildConfigurationList = 2382F76E24427AAC00966806 /* Build configuration list for PBXNativeTarget "cjpodcast" */;
			buildPhases = (
				2382F75324427AA700966806 /* Sources */,
				2382F75424427AA700966806 /* Frameworks */,
				2382F75524427AA700966806 /* Resources */,
			);
			buildRules = (
			);
			dependencies = (
			);
			name = cjpodcast;
			productName = cjpodcast;
			productReference = 2382F75724427AA700966806 /* cjpodcast.app */;
			productType = "com.apple.product-type.application";
		};
/* End PBXNativeTarget section */

/* Begin PBXProject section */
		2382F74F24427AA700966806 /* Project object */ = {
			isa = PBXProject;
			attributes = {
				LastSwiftUpdateCheck = 1140;
				LastUpgradeCheck = 1140;
				ORGANIZATIONNAME = "CJ Pais";
				TargetAttributes = {
					2382F75624427AA700966806 = {
						CreatedOnToolsVersion = 11.4;
					};
				};
			};
			buildConfigurationList = 2382F75224427AA700966806 /* Build configuration list for PBXProject "cjpodcast" */;
			compatibilityVersion = "Xcode 9.3";
			developmentRegion = en;
			hasScannedForEncodings = 0;
			knownRegions = (
				en,
				Base,
			);
			mainGroup = 2382F74E24427AA700966806;
			productRefGroup = 2382F75824427AA700966806 /* Products */;
			projectDirPath = "";
			projectRoot = "";
			targets = (
				2382F75624427AA700966806 /* cjpodcast */,
			);
		};
/* End PBXProject section */

/* Begin PBXResourcesBuildPhase section */
		2382F75524427AA700966806 /* Resources */ = {
			isa = PBXResourcesBuildPhase;
			buildActionMask = 2147483647;
			files = (
				23763DD724509BE60028D84F /* search_episodes_lex_weinstein_resp.json in Resources */,
				2382F76A24427AAC00966806 /* LaunchScreen.storyboard in Resources */,
				23763DD324509A960028D84F /* episodes_this_american_life_resp.json in Resources */,
				2382F76724427AAC00966806 /* Preview Assets.xcassets in Resources */,
				2382F76424427AAC00966806 /* Assets.xcassets in Resources */,
				23763DD0245099290028D84F /* search_this_american_life_resp.json in Resources */,
			);
			runOnlyForDeploymentPostprocessing = 0;
		};
/* End PBXResourcesBuildPhase section */

/* Begin PBXSourcesBuildPhase section */
		2382F75324427AA700966806 /* Sources */ = {
			isa = PBXSourcesBuildPhase;
			buildActionMask = 2147483647;
			files = (
				23EB0F35244B686700B03317 /* NowPlayingControlView.swift in Sources */,
				23B659B9245C86CB0000FC5E /* PersistenceManager.swift in Sources */,
				23BBC88A244B95C2000B50EC /* Podcast.swift in Sources */,
				23F0C43A245E03A800411E5B /* PodcastImageView.swift in Sources */,
				2332A9B6244B718300C5E068 /* PodcastSearchView.swift in Sources */,
				2332A9B8244B718C00C5E068 /* PodcastInboxView.swift in Sources */,
				23F41431245E1D08005583EF /* GoBack30Button.swift in Sources */,
				23B659BF245D26840000FC5E /* DateExtensions.swift in Sources */,
				2382F772244281F200966806 /* PodcastState.swift in Sources */,
				23EC89D4245733F3008C26B0 /* PlayButton.swift in Sources */,
				2382F75B24427AA700966806 /* AppDelegate.swift in Sources */,
				2382F75D24427AA700966806 /* SceneDelegate.swift in Sources */,
				2332A9C1244B7DE700C5E068 /* config.swift in Sources */,
				2382F76224427AA700966806 /* ContentView.swift in Sources */,
				2389AA8C24551E13004740D5 /* NetworkingHelpers.swift in Sources */,
				23B659BD245D16880000FC5E /* SubscribeButton.swift in Sources */,
				23BBC890244BBE8A000B50EC /* PodcastEpisodesView.swift in Sources */,
				2332A9BD244B784600C5E068 /* PersistentPodcast.swift in Sources */,
				2332A9B4244B70DD00C5E068 /* NowPlayingStatusView.swift in Sources */,
				23951FF92454C0F30063A401 /* PodcastResults.swift in Sources */,
				2332A9BA244B719600C5E068 /* PodcastSubscriptionView.swift in Sources */,
				23EC89D224572E78008C26B0 /* PodcastPlayer.swift in Sources */,
				234702312454FC9000BC8478 /* cjpodcast.xcdatamodeld in Sources */,
				23951FFB2454E5200063A401 /* EpisodeResults.swift in Sources */,
				2332A9BF244B7AF400C5E068 /* PersistentEpisode.swift in Sources */,
				23951FFD2454E5850063A401 /* Episode.swift in Sources */,
				23951FF72454B6A70063A401 /* StringExtension.swift in Sources */,
				23F0C43C245E159700411E5B /* ProgressStatusBar.swift in Sources */,
				23F41433245E1DCF005583EF /* GoForward30Button.swift in Sources */,
				23B659C2245DF8060000FC5E /* BottomSheetView.swift in Sources */,
				23BBC88E244BA35D000B50EC /* PodcastListItemView.swift in Sources */,
				23BBC892244BBEA6000B50EC /* PodcastEpisodeListItemView.swift in Sources */,
			);
			runOnlyForDeploymentPostprocessing = 0;
		};
/* End PBXSourcesBuildPhase section */

/* Begin PBXVariantGroup section */
		2382F76824427AAC00966806 /* LaunchScreen.storyboard */ = {
			isa = PBXVariantGroup;
			children = (
				2382F76924427AAC00966806 /* Base */,
			);
			name = LaunchScreen.storyboard;
			sourceTree = "<group>";
		};
/* End PBXVariantGroup section */

/* Begin XCBuildConfiguration section */
		2382F76C24427AAC00966806 /* Debug */ = {
			isa = XCBuildConfiguration;
			buildSettings = {
				ALWAYS_SEARCH_USER_PATHS = NO;
				CLANG_ANALYZER_NONNULL = YES;
				CLANG_ANALYZER_NUMBER_OBJECT_CONVERSION = YES_AGGRESSIVE;
				CLANG_CXX_LANGUAGE_STANDARD = "gnu++14";
				CLANG_CXX_LIBRARY = "libc++";
				CLANG_ENABLE_MODULES = YES;
				CLANG_ENABLE_OBJC_ARC = YES;
				CLANG_ENABLE_OBJC_WEAK = YES;
				CLANG_WARN_BLOCK_CAPTURE_AUTORELEASING = YES;
				CLANG_WARN_BOOL_CONVERSION = YES;
				CLANG_WARN_COMMA = YES;
				CLANG_WARN_CONSTANT_CONVERSION = YES;
				CLANG_WARN_DEPRECATED_OBJC_IMPLEMENTATIONS = YES;
				CLANG_WARN_DIRECT_OBJC_ISA_USAGE = YES_ERROR;
				CLANG_WARN_DOCUMENTATION_COMMENTS = YES;
				CLANG_WARN_EMPTY_BODY = YES;
				CLANG_WARN_ENUM_CONVERSION = YES;
				CLANG_WARN_INFINITE_RECURSION = YES;
				CLANG_WARN_INT_CONVERSION = YES;
				CLANG_WARN_NON_LITERAL_NULL_CONVERSION = YES;
				CLANG_WARN_OBJC_IMPLICIT_RETAIN_SELF = YES;
				CLANG_WARN_OBJC_LITERAL_CONVERSION = YES;
				CLANG_WARN_OBJC_ROOT_CLASS = YES_ERROR;
				CLANG_WARN_RANGE_LOOP_ANALYSIS = YES;
				CLANG_WARN_STRICT_PROTOTYPES = YES;
				CLANG_WARN_SUSPICIOUS_MOVE = YES;
				CLANG_WARN_UNGUARDED_AVAILABILITY = YES_AGGRESSIVE;
				CLANG_WARN_UNREACHABLE_CODE = YES;
				CLANG_WARN__DUPLICATE_METHOD_MATCH = YES;
				COPY_PHASE_STRIP = NO;
				DEBUG_INFORMATION_FORMAT = dwarf;
				ENABLE_STRICT_OBJC_MSGSEND = YES;
				ENABLE_TESTABILITY = YES;
				GCC_C_LANGUAGE_STANDARD = gnu11;
				GCC_DYNAMIC_NO_PIC = NO;
				GCC_NO_COMMON_BLOCKS = YES;
				GCC_OPTIMIZATION_LEVEL = 0;
				GCC_PREPROCESSOR_DEFINITIONS = (
					"DEBUG=1",
					"$(inherited)",
				);
				GCC_WARN_64_TO_32_BIT_CONVERSION = YES;
				GCC_WARN_ABOUT_RETURN_TYPE = YES_ERROR;
				GCC_WARN_UNDECLARED_SELECTOR = YES;
				GCC_WARN_UNINITIALIZED_AUTOS = YES_AGGRESSIVE;
				GCC_WARN_UNUSED_FUNCTION = YES;
				GCC_WARN_UNUSED_VARIABLE = YES;
				IPHONEOS_DEPLOYMENT_TARGET = 13.4;
				MTL_ENABLE_DEBUG_INFO = INCLUDE_SOURCE;
				MTL_FAST_MATH = YES;
				ONLY_ACTIVE_ARCH = YES;
				SDKROOT = iphoneos;
				SWIFT_ACTIVE_COMPILATION_CONDITIONS = DEBUG;
				SWIFT_OPTIMIZATION_LEVEL = "-Onone";
			};
			name = Debug;
		};
		2382F76D24427AAC00966806 /* Release */ = {
			isa = XCBuildConfiguration;
			buildSettings = {
				ALWAYS_SEARCH_USER_PATHS = NO;
				CLANG_ANALYZER_NONNULL = YES;
				CLANG_ANALYZER_NUMBER_OBJECT_CONVERSION = YES_AGGRESSIVE;
				CLANG_CXX_LANGUAGE_STANDARD = "gnu++14";
				CLANG_CXX_LIBRARY = "libc++";
				CLANG_ENABLE_MODULES = YES;
				CLANG_ENABLE_OBJC_ARC = YES;
				CLANG_ENABLE_OBJC_WEAK = YES;
				CLANG_WARN_BLOCK_CAPTURE_AUTORELEASING = YES;
				CLANG_WARN_BOOL_CONVERSION = YES;
				CLANG_WARN_COMMA = YES;
				CLANG_WARN_CONSTANT_CONVERSION = YES;
				CLANG_WARN_DEPRECATED_OBJC_IMPLEMENTATIONS = YES;
				CLANG_WARN_DIRECT_OBJC_ISA_USAGE = YES_ERROR;
				CLANG_WARN_DOCUMENTATION_COMMENTS = YES;
				CLANG_WARN_EMPTY_BODY = YES;
				CLANG_WARN_ENUM_CONVERSION = YES;
				CLANG_WARN_INFINITE_RECURSION = YES;
				CLANG_WARN_INT_CONVERSION = YES;
				CLANG_WARN_NON_LITERAL_NULL_CONVERSION = YES;
				CLANG_WARN_OBJC_IMPLICIT_RETAIN_SELF = YES;
				CLANG_WARN_OBJC_LITERAL_CONVERSION = YES;
				CLANG_WARN_OBJC_ROOT_CLASS = YES_ERROR;
				CLANG_WARN_RANGE_LOOP_ANALYSIS = YES;
				CLANG_WARN_STRICT_PROTOTYPES = YES;
				CLANG_WARN_SUSPICIOUS_MOVE = YES;
				CLANG_WARN_UNGUARDED_AVAILABILITY = YES_AGGRESSIVE;
				CLANG_WARN_UNREACHABLE_CODE = YES;
				CLANG_WARN__DUPLICATE_METHOD_MATCH = YES;
				COPY_PHASE_STRIP = NO;
				DEBUG_INFORMATION_FORMAT = "dwarf-with-dsym";
				ENABLE_NS_ASSERTIONS = NO;
				ENABLE_STRICT_OBJC_MSGSEND = YES;
				GCC_C_LANGUAGE_STANDARD = gnu11;
				GCC_NO_COMMON_BLOCKS = YES;
				GCC_WARN_64_TO_32_BIT_CONVERSION = YES;
				GCC_WARN_ABOUT_RETURN_TYPE = YES_ERROR;
				GCC_WARN_UNDECLARED_SELECTOR = YES;
				GCC_WARN_UNINITIALIZED_AUTOS = YES_AGGRESSIVE;
				GCC_WARN_UNUSED_FUNCTION = YES;
				GCC_WARN_UNUSED_VARIABLE = YES;
				IPHONEOS_DEPLOYMENT_TARGET = 13.4;
				MTL_ENABLE_DEBUG_INFO = NO;
				MTL_FAST_MATH = YES;
				SDKROOT = iphoneos;
				SWIFT_COMPILATION_MODE = wholemodule;
				SWIFT_OPTIMIZATION_LEVEL = "-O";
				VALIDATE_PRODUCT = YES;
			};
			name = Release;
		};
		2382F76F24427AAC00966806 /* Debug */ = {
			isa = XCBuildConfiguration;
			buildSettings = {
				ASSETCATALOG_COMPILER_APPICON_NAME = AppIcon;
				CODE_SIGN_STYLE = Automatic;
				DEVELOPMENT_ASSET_PATHS = "\"cjpodcast/Preview Content\"";
				DEVELOPMENT_TEAM = UWFLB4GC25;
				ENABLE_PREVIEWS = YES;
				INFOPLIST_FILE = cjpodcast/Info.plist;
				LD_RUNPATH_SEARCH_PATHS = (
					"$(inherited)",
					"@executable_path/Frameworks",
				);
				PRODUCT_BUNDLE_IDENTIFIER = com.pais.cjpodcast;
				PRODUCT_NAME = "$(TARGET_NAME)";
				SWIFT_VERSION = 5.0;
				TARGETED_DEVICE_FAMILY = "1,2";
			};
			name = Debug;
		};
		2382F77024427AAC00966806 /* Release */ = {
			isa = XCBuildConfiguration;
			buildSettings = {
				ASSETCATALOG_COMPILER_APPICON_NAME = AppIcon;
				CODE_SIGN_STYLE = Automatic;
				DEVELOPMENT_ASSET_PATHS = "\"cjpodcast/Preview Content\"";
				DEVELOPMENT_TEAM = UWFLB4GC25;
				ENABLE_PREVIEWS = YES;
				INFOPLIST_FILE = cjpodcast/Info.plist;
				LD_RUNPATH_SEARCH_PATHS = (
					"$(inherited)",
					"@executable_path/Frameworks",
				);
				PRODUCT_BUNDLE_IDENTIFIER = com.pais.cjpodcast;
				PRODUCT_NAME = "$(TARGET_NAME)";
				SWIFT_VERSION = 5.0;
				TARGETED_DEVICE_FAMILY = "1,2";
			};
			name = Release;
		};
/* End XCBuildConfiguration section */

/* Begin XCConfigurationList section */
		2382F75224427AA700966806 /* Build configuration list for PBXProject "cjpodcast" */ = {
			isa = XCConfigurationList;
			buildConfigurations = (
				2382F76C24427AAC00966806 /* Debug */,
				2382F76D24427AAC00966806 /* Release */,
			);
			defaultConfigurationIsVisible = 0;
			defaultConfigurationName = Release;
		};
		2382F76E24427AAC00966806 /* Build configuration list for PBXNativeTarget "cjpodcast" */ = {
			isa = XCConfigurationList;
			buildConfigurations = (
				2382F76F24427AAC00966806 /* Debug */,
				2382F77024427AAC00966806 /* Release */,
			);
			defaultConfigurationIsVisible = 0;
			defaultConfigurationName = Release;
		};
/* End XCConfigurationList section */

/* Begin XCVersionGroup section */
		2382F75E24427AA700966806 /* cjpodcast.xcdatamodeld */ = {
			isa = XCVersionGroup;
			children = (
				2382F75F24427AA700966806 /* cjpodcast.xcdatamodel */,
			);
			currentVersion = 2382F75F24427AA700966806 /* cjpodcast.xcdatamodel */;
			path = cjpodcast.xcdatamodeld;
			sourceTree = "<group>";
			versionGroupType = wrapper.xcdatamodel;
		};
/* End XCVersionGroup section */
	};
	rootObject = 2382F74F24427AA700966806 /* Project object */;
}
