{
  "object": {
    "pins": [
      {
        "package": "Streamable",
        "repositoryURL": "https://github.com/cjpais/Streamable",
        "state": {
          "branch": "main",
          "revision": "b6ab04cdb1f1c7941b991435d2a4ce276ed5ce73",
          "version": null
        }
      }
    ]
  },
  "version": 1
}
