{
  "object": {
    "pins": [
      {
        "package": "Streamable",
        "repositoryURL": "https://github.com/cjpais/Streamable",
        "state": {
          "branch": "main",
          "revision": "151fcdc7a26c681e96d0776d62dc1096b935ba1f",
          "version": null
        }
      }
    ]
  },
  "version": 1
}
